
Microsoft Visual Studio Solution File, Format Version 12.00
# Visual Studio Version 17
VisualStudioVersion = 17.11.35327.3
MinimumVisualStudioVersion = 10.0.40219.1
Project("{FAE04EC0-301F-11D3-BF4B-00C04F79EFBC}") = "NZWalks.API", "NZWalks.API\NZWalks.API.csproj", "{A9E2E528-80C1-420B-A1F3-789E75B0B420}"
EndProject
Global
	GlobalSection(SolutionConfigurationPlatforms) = preSolution
		Debug|Any CPU = Debug|Any CPU
		Release|Any CPU = Release|Any CPU
	EndGlobalSection
	GlobalSection(ProjectConfigurationPlatforms) = postSolution
		{A9E2E528-80C1-420B-A1F3-789E75B0B420}.Debug|Any CPU.ActiveCfg = Debug|Any CPU
		{A9E2E528-80C1-420B-A1F3-789E75B0B420}.Debug|Any CPU.Build.0 = Debug|Any CPU
		{A9E2E528-80C1-420B-A1F3-789E75B0B420}.Release|Any CPU.ActiveCfg = Release|Any CPU
		{A9E2E528-80C1-420B-A1F3-789E75B0B420}.Release|Any CPU.Build.0 = Release|Any CPU
	EndGlobalSection
	GlobalSection(SolutionProperties) = preSolution
		HideSolutionNode = FALSE
	EndGlobalSection
	GlobalSection(ExtensibilityGlobals) = postSolution
		SolutionGuid = {D553F0DD-BE15-49CE-BBB4-3131F23A231A}
	EndGlobalSection
EndGlobal
